{
  "version": 4,
  "terraform_version": "1.13.0",
  "serial": 46,
  "lineage": "45b23797-6daa-e26e-dde8-f2ed53d4138a",
  "outputs": {
    "argocd_admin_password": {
      "value": "Run: kubectl -n argocd get secret argocd-initial-admin-secret -o jsonpath={.data.password} | base64 -d",
      "type": "string"
    },
    "argocd_namespace": {
      "value": "argocd",
      "type": "string"
    },
    "argocd_server_service": {
      "value": "argo-cd.argocd.svc.cluster.local",
      "type": "string"
    },
    "ecr_repository_arn": {
      "value": "arn:aws:ecr:us-east-1:140147588849:repository/ecr-repo-18062025214500",
      "type": "string"
    },
    "ecr_repository_url": {
      "value": "140147588849.dkr.ecr.us-east-1.amazonaws.com/ecr-repo-18062025214500",
      "type": "string"
    },
    "eks_cluster_endpoint": {
      "value": "https://0607ED1B5031BD8206F61436004F0939.yl4.us-east-1.eks.amazonaws.com",
      "type": "string"
    },
    "eks_cluster_name": {
      "value": "eks-cluster-AlinaRyabova",
      "type": "string"
    },
    "eks_node_role_arn": {
      "value": "arn:aws:iam::140147588849:role/eks-cluster-AlinaRyabova-eks-nodes",
      "type": "string"
    },
    "jenkins_namespace": {
      "value": "jenkins",
      "type": "string"
    },
    "jenkins_release": {
      "value": "jenkins",
      "type": "string"
    },
    "oidc_provider_arn": {
      "value": "arn:aws:iam::140147588849:oidc-provider/oidc.eks.us-east-1.amazonaws.com/id/0607ED1B5031BD8206F61436004F0939",
      "type": "string"
    },
    "oidc_provider_url": {
      "value": "oidc.eks.us-east-1.amazonaws.com/id/0607ED1B5031BD8206F61436004F0939",
      "type": "string"
    },
    "private_subnets": {
      "value": [
        "subnet-0dc1c4bb66524d549",
        "subnet-001980cd73349932b",
        "subnet-0a12ccd684548b31d"
      ],
      "type": [
        "tuple",
        [
          "string",
          "string",
          "string"
        ]
      ]
    },
    "public_subnets": {
      "value": [
        "subnet-0eee6dffa27dcb1dd",
        "subnet-04caa5d64b6f6c05c",
        "subnet-0ef7ccbd334097b89"
      ],
      "type": [
        "tuple",
        [
          "string",
          "string",
          "string"
        ]
      ]
    },
    "vpc_id": {
      "value": "vpc-0e6ac879609bbc844",
      "type": "string"
    }
  },
  "resources": [
    {
      "mode": "data",
      "type": "aws_eks_cluster",
      "name": "eks",
      "provider": "provider[\"registry.terraform.io/hashicorp/aws\"]",
      "instances": [
        {
          "schema_version": 0,
          "attributes": {
            "access_config": [
              {
                "authentication_mode": "API",
                "bootstrap_cluster_creator_admin_permissions": true
              }
            ],
            "arn": "arn:aws:eks:us-east-1:140147588849:cluster/eks-cluster-AlinaRyabova",
            "certificate_authority": [
              {
                "data": "LS0tLS1CRUdJTiBDRVJUSUZJQ0FURS0tLS0tCk1JSURCVENDQWUyZ0F3SUJBZ0lJU2pRZFZxY2kwOUV3RFFZSktvWklodmNOQVFFTEJRQXdGVEVUTUJFR0ExVUUKQXhNS2EzVmlaWEp1WlhSbGN6QWVGdzB5TlRBNU1EY3dPVFE0TlROYUZ3MHpOVEE1TURVd09UVXpOVE5hTUJVeApFekFSQmdOVkJBTVRDbXQxWW1WeWJtVjBaWE13Z2dFaU1BMEdDU3FHU0liM0RRRUJBUVVBQTRJQkR3QXdnZ0VLCkFvSUJBUUM1QjdzQ0hCbXdRS1ZmRWoreTNjSDdxbmJialNHRlloNlV1TjJXbG1zZkFKQ0QrSEE5Q3g2d3RaZW0KWFdaQ29mV1hnRDVOWTlJUUw0aldZTFZuL2E1SVFVSmdOWjE3ZEF3cytvUXBoVjYybFYxdDJiRERRSkI0b1dGagpubDA0dllxOGhSSER2MTA5dGRibVJ5b2xsM3JYZ2c4a0orYTNTYXhwRHRwZVZnWjh1OGkxK0RWdkR5ZHV1T2NXCno5TmpaMFhCSTlMRGtVa0VYd1lBM3N1L2FVV1NvNTIwYm1nYmttdDlRTnhjMmNiMGFob0d2M3lVUW9ROEVtN0gKNnhMUVV1VXFLelRSTzJnNUQwaXl1a01FZVpjZkd3OEtyT3RZUUxoS3pQRWJaZnpQNzhBUFZORDhhV3RuanlxaQpPWnYwRG51QUtITUs4VWJubXhlRUp1OWtvS3NuQWdNQkFBR2pXVEJYTUE0R0ExVWREd0VCL3dRRUF3SUNwREFQCkJnTlZIUk1CQWY4RUJUQURBUUgvTUIwR0ExVWREZ1FXQkJSYjV0OXVvZkZ3QkNnVWRwd3dyVmhsQndBVGdUQVYKQmdOVkhSRUVEakFNZ2dwcmRXSmxjbTVsZEdWek1BMEdDU3FHU0liM0RRRUJDd1VBQTRJQkFRQjVXOStZTENaRQprYXZIK2ZLNDFkeGFnSllZbzNHYUxSWDBybDcra2NXYURQeGtLNVFQOEQ0MHBGWmhwUXlTTi9CS0VCRVRBYnB4Clc2Nlp4aEtHTHRvZjlSRGdHQ2pCM2hjS0x5cC9qQnhjTkVQRWhUOEZZQmNGUjFCOWIwWHdaa1BNWUxmMmJLUE4KUVVKTWdTUU1WbkpUZUxlQjRwcE9BSkZqUlBWODZWUHNQTXhZTnlaZzlaRVRCSk1SMWZBUmZ5UkFSTGRQTDJiMwplUUFNR2dwZFl2Z3loTlc5OHpxelU5ZzN3VWxMME05azJKd0lWd2hSMGs1UVc1dTMzU2kvYjE0dzZZNjlGUGZBClVTNS9JbnJ5QzIzUlpLM3VWQTdkQnJIamNoT244Q3VCYzV1MWJaeVNhVmw1SW5TYzZScUI4UTVEUS8zU3R0SWgKUHltNzFFRTVLUDkrCi0tLS0tRU5EIENFUlRJRklDQVRFLS0tLS0K"
              }
            ],
            "cluster_id": null,
            "compute_config": [],
            "created_at": "2025-09-07T09:48:22Z",
            "deletion_protection": false,
            "enabled_cluster_log_types": [],
            "endpoint": "https://0607ED1B5031BD8206F61436004F0939.yl4.us-east-1.eks.amazonaws.com",
            "id": "eks-cluster-AlinaRyabova",
            "identity": [
              {
                "oidc": [
                  {
                    "issuer": "https://oidc.eks.us-east-1.amazonaws.com/id/0607ED1B5031BD8206F61436004F0939"
                  }
                ]
              }
            ],
            "kubernetes_network_config": [
              {
                "elastic_load_balancing": [
                  {
                    "enabled": false
                  }
                ],
                "ip_family": "ipv4",
                "service_ipv4_cidr": "172.20.0.0/16",
                "service_ipv6_cidr": ""
              }
            ],
            "name": "eks-cluster-AlinaRyabova",
            "outpost_config": [],
            "platform_version": "eks.12",
            "region": "us-east-1",
            "remote_network_config": [],
            "role_arn": "arn:aws:iam::140147588849:role/eks-cluster-AlinaRyabova-eks-cluster",
            "status": "ACTIVE",
            "storage_config": [],
            "tags": {},
            "upgrade_policy": [
              {
                "support_type": "EXTENDED"
              }
            ],
            "version": "1.33",
            "vpc_config": [
              {
                "cluster_security_group_id": "sg-0803aedfe22883bee",
                "endpoint_private_access": true,
                "endpoint_public_access": true,
                "public_access_cidrs": [
                  "0.0.0.0/0"
                ],
                "security_group_ids": [],
                "subnet_ids": [
                  "subnet-04caa5d64b6f6c05c",
                  "subnet-0eee6dffa27dcb1dd",
                  "subnet-0ef7ccbd334097b89"
                ],
                "vpc_id": "vpc-0e6ac879609bbc844"
              }
            ],
            "zonal_shift_config": []
          },
          "sensitive_attributes": [],
          "identity_schema_version": 0
        }
      ]
    },
    {
      "mode": "data",
      "type": "aws_eks_cluster_auth",
      "name": "eks",
      "provider": "provider[\"registry.terraform.io/hashicorp/aws\"]",
      "instances": [
        {
          "schema_version": 0,
          "attributes": {
            "id": "eks-cluster-AlinaRyabova",
            "name": "eks-cluster-AlinaRyabova",
            "region": "us-east-1",
            "token": "k8s-aws-v1.aHR0cHM6Ly9zdHMudXMtZWFzdC0xLmFtYXpvbmF3cy5jb20vP0FjdGlvbj1HZXRDYWxsZXJJZGVudGl0eSZWZXJzaW9uPTIwMTEtMDYtMTUmWC1BbXotQWxnb3JpdGhtPUFXUzQtSE1BQy1TSEEyNTYmWC1BbXotQ3JlZGVudGlhbD1BS0lBU0JJTFNQM1lXQkNWUjJWNiUyRjIwMjUwOTA3JTJGdXMtZWFzdC0xJTJGc3RzJTJGYXdzNF9yZXF1ZXN0JlgtQW16LURhdGU9MjAyNTA5MDdUMTAxMTQ2WiZYLUFtei1FeHBpcmVzPTAmWC1BbXotU2lnbmVkSGVhZGVycz1ob3N0JTNCeC1rOHMtYXdzLWlkJlgtQW16LVNpZ25hdHVyZT1jNTE4YjQ0MjAxNWRjNjEwMjJiMmJmMzIzMGE3MzdmOWVhMWFjYWYxOGZjYTljYmQ0YzIxMjAxN2Q3NTZmM2Zi"
          },
          "sensitive_attributes": [
            [
              {
                "type": "get_attr",
                "value": "token"
              }
            ]
          ],
          "identity_schema_version": 0
        }
      ]
    },
    {
      "module": "module.argo_cd",
      "mode": "managed",
      "type": "helm_release",
      "name": "argo_apps",
      "provider": "provider[\"registry.terraform.io/hashicorp/helm\"]",
      "instances": [
        {
          "schema_version": 2,
          "attributes": {
            "atomic": false,
            "chart": "modules/argo_cd/charts",
            "cleanup_on_fail": false,
            "create_namespace": false,
            "dependency_update": false,
            "description": null,
            "devel": null,
            "disable_crd_hooks": false,
            "disable_openapi_validation": false,
            "disable_webhooks": false,
            "force_update": false,
            "id": "argo-cd-apps",
            "keyring": null,
            "lint": false,
            "manifest": null,
            "max_history": 0,
            "metadata": {
              "app_version": "",
              "chart": "argo-apps",
              "first_deployed": 1757239990,
              "last_deployed": 1757239990,
              "name": "argo-cd-apps",
              "namespace": "argocd",
              "notes": "",
              "revision": 1,
              "values": "{\"server\":{\"service\":{\"port\":443,\"type\":\"LoadBalancer\"}}}",
              "version": "0.1.0"
            },
            "name": "argo-cd-apps",
            "namespace": "argocd",
            "pass_credentials": false,
            "postrender": null,
            "recreate_pods": false,
            "render_subchart_notes": true,
            "replace": false,
            "repository": null,
            "repository_ca_file": null,
            "repository_cert_file": null,
            "repository_key_file": null,
            "repository_password": null,
            "repository_username": null,
            "reset_values": false,
            "reuse_values": false,
            "set": null,
            "set_list": null,
            "set_sensitive": null,
            "set_wo": null,
            "set_wo_revision": null,
            "skip_crds": false,
            "status": "deployed",
            "timeout": 300,
            "values": [
              "server:\n  service:\n    type: LoadBalancer\n    port: 443\n"
            ],
            "verify": false,
            "version": "0.1.0",
            "wait": true,
            "wait_for_jobs": false
          },
          "sensitive_attributes": [
            [
              {
                "type": "get_attr",
                "value": "repository_password"
              }
            ]
          ],
          "identity_schema_version": 0,
          "identity": {
            "namespace": "argocd",
            "release_name": "argo-cd-apps"
          },
          "dependencies": [
            "data.aws_eks_cluster.eks",
            "data.aws_eks_cluster_auth.eks",
            "module.argo_cd.helm_release.argo_cd",
            "module.eks.aws_eks_addon.ebs_csi_driver",
            "module.eks.aws_eks_cluster.eks",
            "module.eks.aws_eks_node_group.general",
            "module.eks.aws_iam_openid_connect_provider.oidc",
            "module.eks.aws_iam_policy.ebs_csi_custom_policy",
            "module.eks.aws_iam_role.ebs_csi_irsa_role",
            "module.eks.aws_iam_role.eks",
            "module.eks.aws_iam_role.nodes",
            "module.eks.aws_iam_role_policy_attachment.amazon_ebs_csi_driver_policy",
            "module.eks.aws_iam_role_policy_attachment.amazon_ec2_container_registry_read_only",
            "module.eks.aws_iam_role_policy_attachment.amazon_eks_cni_policy",
            "module.eks.aws_iam_role_policy_attachment.amazon_eks_worker_node_policy",
            "module.eks.aws_iam_role_policy_attachment.attach_custom_ebs_policy",
            "module.eks.aws_iam_role_policy_attachment.ebs_irsa_policy",
            "module.eks.aws_iam_role_policy_attachment.efs_csi_driver_policy",
            "module.eks.aws_iam_role_policy_attachment.eks",
            "module.eks.aws_iam_role_policy_attachment.ssm_managed_instance_core",
            "module.vpc.aws_subnet.public",
            "module.vpc.aws_vpc.main"
          ]
        }
      ]
    },
    {
      "module": "module.argo_cd",
      "mode": "managed",
      "type": "helm_release",
      "name": "argo_cd",
      "provider": "provider[\"registry.terraform.io/hashicorp/helm\"]",
      "instances": [
        {
          "schema_version": 2,
          "attributes": {
            "atomic": false,
            "chart": "argo-cd",
            "cleanup_on_fail": false,
            "create_namespace": true,
            "dependency_update": false,
            "description": null,
            "devel": null,
            "disable_crd_hooks": false,
            "disable_openapi_validation": false,
            "disable_webhooks": false,
            "force_update": false,
            "id": "argo-cd",
            "keyring": null,
            "lint": false,
            "manifest": null,
            "max_history": 0,
            "metadata": {
              "app_version": "v2.8.4",
              "chart": "argo-cd",
              "first_deployed": 1757239909,
              "last_deployed": 1757239909,
              "name": "argo-cd",
              "namespace": "argocd",
              "notes": "\n\nIn order to access the server UI you have the following options:\n\n1. kubectl port-forward service/argo-cd-argocd-server -n argocd 8080:443\n\n    and then open the browser on http://localhost:8080 and accept the certificate\n\n2. enable ingress in the values file `server.ingress.enabled` and either\n      - Add the annotation for ssl passthrough: https://argo-cd.readthedocs.io/en/stable/operator-manual/ingress/#option-1-ssl-passthrough\n      - Set the `configs.params.\"server.insecure\"` in the values file and terminate SSL at your ingress: https://argo-cd.readthedocs.io/en/stable/operator-manual/ingress/#option-2-multiple-ingress-objects-and-hosts\n\n\nAfter reaching the UI the first time you can login with username: admin and the random password generated during the installation. You can find the password by running:\n\nkubectl -n argocd get secret argocd-initial-admin-secret -o jsonpath=\"{.data.password}\" | base64 -d\n\n(You should delete the initial secret afterwards as suggested by the Getting Started Guide: https://argo-cd.readthedocs.io/en/stable/getting_started/#4-login-using-the-cli)\n",
              "revision": 1,
              "values": "{\"server\":{\"service\":{\"port\":443,\"type\":\"LoadBalancer\"}}}",
              "version": "5.46.4"
            },
            "name": "argo-cd",
            "namespace": "argocd",
            "pass_credentials": false,
            "postrender": null,
            "recreate_pods": false,
            "render_subchart_notes": true,
            "replace": false,
            "repository": "https://argoproj.github.io/argo-helm",
            "repository_ca_file": null,
            "repository_cert_file": null,
            "repository_key_file": null,
            "repository_password": null,
            "repository_username": null,
            "reset_values": false,
            "reuse_values": false,
            "set": null,
            "set_list": null,
            "set_sensitive": null,
            "set_wo": null,
            "set_wo_revision": null,
            "skip_crds": false,
            "status": "deployed",
            "timeout": 300,
            "values": [
              "server:\n  service:\n    type: LoadBalancer\n    port: 443\n"
            ],
            "verify": false,
            "version": "5.46.4",
            "wait": true,
            "wait_for_jobs": false
          },
          "sensitive_attributes": [
            [
              {
                "type": "get_attr",
                "value": "repository_password"
              }
            ]
          ],
          "identity_schema_version": 0,
          "identity": {
            "namespace": "argocd",
            "release_name": "argo-cd"
          },
          "dependencies": [
            "data.aws_eks_cluster.eks",
            "data.aws_eks_cluster_auth.eks",
            "module.eks.aws_eks_addon.ebs_csi_driver",
            "module.eks.aws_eks_cluster.eks",
            "module.eks.aws_eks_node_group.general",
            "module.eks.aws_iam_openid_connect_provider.oidc",
            "module.eks.aws_iam_policy.ebs_csi_custom_policy",
            "module.eks.aws_iam_role.ebs_csi_irsa_role",
            "module.eks.aws_iam_role.eks",
            "module.eks.aws_iam_role.nodes",
            "module.eks.aws_iam_role_policy_attachment.amazon_ebs_csi_driver_policy",
            "module.eks.aws_iam_role_policy_attachment.amazon_ec2_container_registry_read_only",
            "module.eks.aws_iam_role_policy_attachment.amazon_eks_cni_policy",
            "module.eks.aws_iam_role_policy_attachment.amazon_eks_worker_node_policy",
            "module.eks.aws_iam_role_policy_attachment.attach_custom_ebs_policy",
            "module.eks.aws_iam_role_policy_attachment.ebs_irsa_policy",
            "module.eks.aws_iam_role_policy_attachment.efs_csi_driver_policy",
            "module.eks.aws_iam_role_policy_attachment.eks",
            "module.eks.aws_iam_role_policy_attachment.ssm_managed_instance_core",
            "module.vpc.aws_subnet.public",
            "module.vpc.aws_vpc.main"
          ]
        }
      ]
    },
    {
      "module": "module.ecr",
      "mode": "data",
      "type": "aws_caller_identity",
      "name": "current",
      "provider": "provider[\"registry.terraform.io/hashicorp/aws\"]",
      "instances": [
        {
          "schema_version": 0,
          "attributes": {
            "account_id": "140147588849",
            "arn": "arn:aws:iam::140147588849:root",
            "id": "140147588849",
            "user_id": "140147588849"
          },
          "sensitive_attributes": [],
          "identity_schema_version": 0
        }
      ]
    },
    {
      "module": "module.ecr",
      "mode": "managed",
      "type": "aws_ecr_repository",
      "name": "ecr",
      "provider": "provider[\"registry.terraform.io/hashicorp/aws\"]",
      "instances": [
        {
          "schema_version": 0,
          "attributes": {
            "arn": "arn:aws:ecr:us-east-1:140147588849:repository/ecr-repo-18062025214500",
            "encryption_configuration": [
              {
                "encryption_type": "AES256",
                "kms_key": ""
              }
            ],
            "force_delete": true,
            "id": "ecr-repo-18062025214500",
            "image_scanning_configuration": [
              {
                "scan_on_push": true
              }
            ],
            "image_tag_mutability": "MUTABLE",
            "image_tag_mutability_exclusion_filter": [],
            "name": "ecr-repo-18062025214500",
            "region": "us-east-1",
            "registry_id": "140147588849",
            "repository_url": "140147588849.dkr.ecr.us-east-1.amazonaws.com/ecr-repo-18062025214500",
            "tags": {
              "Name": "ecr-repo-18062025214500"
            },
            "tags_all": {
              "Name": "ecr-repo-18062025214500"
            },
            "timeouts": null
          },
          "sensitive_attributes": [],
          "identity_schema_version": 0,
          "identity": {
            "account_id": "140147588849",
            "name": "ecr-repo-18062025214500",
            "region": "us-east-1"
          },
          "private": "eyJlMmJmYjczMC1lY2FhLTExZTYtOGY4OC0zNDM2M2JjN2M0YzAiOnsiZGVsZXRlIjoxMjAwMDAwMDAwMDAwfX0="
        }
      ]
    },
    {
      "module": "module.ecr",
      "mode": "managed",
      "type": "aws_ecr_repository_policy",
      "name": "ecr_policy",
      "provider": "provider[\"registry.terraform.io/hashicorp/aws\"]",
      "instances": [
        {
          "schema_version": 0,
          "attributes": {
            "id": "ecr-repo-18062025214500",
            "policy": "{\"Statement\":[{\"Action\":[\"ecr:BatchCheckLayerAvailability\",\"ecr:GetDownloadUrlForLayer\",\"ecr:BatchGetImage\",\"ecr:PutImage\",\"ecr:InitiateLayerUpload\",\"ecr:UploadLayerPart\",\"ecr:CompleteLayerUpload\"],\"Effect\":\"Allow\",\"Principal\":{\"AWS\":\"arn:aws:iam::140147588849:root\"},\"Sid\":\"AllowPushPullWithinAccount\"}],\"Version\":\"2012-10-17\"}",
            "region": "us-east-1",
            "registry_id": "140147588849",
            "repository": "ecr-repo-18062025214500"
          },
          "sensitive_attributes": [],
          "identity_schema_version": 0,
          "identity": {
            "account_id": "140147588849",
            "region": "us-east-1",
            "repository": "ecr-repo-18062025214500"
          },
          "private": "bnVsbA==",
          "dependencies": [
            "module.ecr.aws_ecr_repository.ecr",
            "module.ecr.data.aws_caller_identity.current"
          ]
        }
      ]
    },
    {
      "module": "module.eks",
      "mode": "managed",
      "type": "aws_eks_addon",
      "name": "ebs_csi_driver",
      "provider": "provider[\"registry.terraform.io/hashicorp/aws\"]",
      "instances": [
        {
          "schema_version": 0,
          "attributes": {
            "addon_name": "aws-ebs-csi-driver",
            "addon_version": "v1.41.0-eksbuild.1",
            "arn": "arn:aws:eks:us-east-1:140147588849:addon/eks-cluster-AlinaRyabova/aws-ebs-csi-driver/8ccc91d4-1a76-699a-7ddd-4e8dd67a6eab",
            "cluster_name": "eks-cluster-AlinaRyabova",
            "configuration_values": "",
            "created_at": "2025-09-07T10:10:50Z",
            "id": "eks-cluster-AlinaRyabova:aws-ebs-csi-driver",
            "modified_at": "2025-09-07T10:11:41Z",
            "pod_identity_association": [],
            "preserve": null,
            "region": "us-east-1",
            "resolve_conflicts_on_create": null,
            "resolve_conflicts_on_update": "PRESERVE",
            "service_account_role_arn": "arn:aws:iam::140147588849:role/eks-cluster-AlinaRyabova-ebs-csi-irsa-role",
            "tags": null,
            "tags_all": {},
            "timeouts": null
          },
          "sensitive_attributes": [],
          "identity_schema_version": 0,
          "private": "eyJlMmJmYjczMC1lY2FhLTExZTYtOGY4OC0zNDM2M2JjN2M0YzAiOnsiY3JlYXRlIjoxMjAwMDAwMDAwMDAwLCJkZWxldGUiOjI0MDAwMDAwMDAwMDAsInVwZGF0ZSI6MTIwMDAwMDAwMDAwMH19",
          "dependencies": [
            "module.eks.aws_eks_cluster.eks",
            "module.eks.aws_iam_openid_connect_provider.oidc",
            "module.eks.aws_iam_role.ebs_csi_irsa_role",
            "module.eks.aws_iam_role.eks",
            "module.eks.aws_iam_role_policy_attachment.ebs_irsa_policy",
            "module.eks.aws_iam_role_policy_attachment.eks",
            "module.vpc.aws_subnet.public",
            "module.vpc.aws_vpc.main"
          ]
        }
      ]
    },
    {
      "module": "module.eks",
      "mode": "managed",
      "type": "aws_eks_cluster",
      "name": "eks",
      "provider": "provider[\"registry.terraform.io/hashicorp/aws\"]",
      "instances": [
        {
          "schema_version": 1,
          "attributes": {
            "access_config": [
              {
                "authentication_mode": "API",
                "bootstrap_cluster_creator_admin_permissions": true
              }
            ],
            "arn": "arn:aws:eks:us-east-1:140147588849:cluster/eks-cluster-AlinaRyabova",
            "bootstrap_self_managed_addons": true,
            "certificate_authority": [
              {
                "data": "LS0tLS1CRUdJTiBDRVJUSUZJQ0FURS0tLS0tCk1JSURCVENDQWUyZ0F3SUJBZ0lJU2pRZFZxY2kwOUV3RFFZSktvWklodmNOQVFFTEJRQXdGVEVUTUJFR0ExVUUKQXhNS2EzVmlaWEp1WlhSbGN6QWVGdzB5TlRBNU1EY3dPVFE0TlROYUZ3MHpOVEE1TURVd09UVXpOVE5hTUJVeApFekFSQmdOVkJBTVRDbXQxWW1WeWJtVjBaWE13Z2dFaU1BMEdDU3FHU0liM0RRRUJBUVVBQTRJQkR3QXdnZ0VLCkFvSUJBUUM1QjdzQ0hCbXdRS1ZmRWoreTNjSDdxbmJialNHRlloNlV1TjJXbG1zZkFKQ0QrSEE5Q3g2d3RaZW0KWFdaQ29mV1hnRDVOWTlJUUw0aldZTFZuL2E1SVFVSmdOWjE3ZEF3cytvUXBoVjYybFYxdDJiRERRSkI0b1dGagpubDA0dllxOGhSSER2MTA5dGRibVJ5b2xsM3JYZ2c4a0orYTNTYXhwRHRwZVZnWjh1OGkxK0RWdkR5ZHV1T2NXCno5TmpaMFhCSTlMRGtVa0VYd1lBM3N1L2FVV1NvNTIwYm1nYmttdDlRTnhjMmNiMGFob0d2M3lVUW9ROEVtN0gKNnhMUVV1VXFLelRSTzJnNUQwaXl1a01FZVpjZkd3OEtyT3RZUUxoS3pQRWJaZnpQNzhBUFZORDhhV3RuanlxaQpPWnYwRG51QUtITUs4VWJubXhlRUp1OWtvS3NuQWdNQkFBR2pXVEJYTUE0R0ExVWREd0VCL3dRRUF3SUNwREFQCkJnTlZIUk1CQWY4RUJUQURBUUgvTUIwR0ExVWREZ1FXQkJSYjV0OXVvZkZ3QkNnVWRwd3dyVmhsQndBVGdUQVYKQmdOVkhSRUVEakFNZ2dwcmRXSmxjbTVsZEdWek1BMEdDU3FHU0liM0RRRUJDd1VBQTRJQkFRQjVXOStZTENaRQprYXZIK2ZLNDFkeGFnSllZbzNHYUxSWDBybDcra2NXYURQeGtLNVFQOEQ0MHBGWmhwUXlTTi9CS0VCRVRBYnB4Clc2Nlp4aEtHTHRvZjlSRGdHQ2pCM2hjS0x5cC9qQnhjTkVQRWhUOEZZQmNGUjFCOWIwWHdaa1BNWUxmMmJLUE4KUVVKTWdTUU1WbkpUZUxlQjRwcE9BSkZqUlBWODZWUHNQTXhZTnlaZzlaRVRCSk1SMWZBUmZ5UkFSTGRQTDJiMwplUUFNR2dwZFl2Z3loTlc5OHpxelU5ZzN3VWxMME05azJKd0lWd2hSMGs1UVc1dTMzU2kvYjE0dzZZNjlGUGZBClVTNS9JbnJ5QzIzUlpLM3VWQTdkQnJIamNoT244Q3VCYzV1MWJaeVNhVmw1SW5TYzZScUI4UTVEUS8zU3R0SWgKUHltNzFFRTVLUDkrCi0tLS0tRU5EIENFUlRJRklDQVRFLS0tLS0K"
              }
            ],
            "cluster_id": null,
            "compute_config": [],
            "created_at": "2025-09-07T09:48:22Z",
            "deletion_protection": false,
            "enabled_cluster_log_types": [],
            "encryption_config": [],
            "endpoint": "https://0607ED1B5031BD8206F61436004F0939.yl4.us-east-1.eks.amazonaws.com",
            "force_update_version": null,
            "id": "eks-cluster-AlinaRyabova",
            "identity": [
              {
                "oidc": [
                  {
                    "issuer": "https://oidc.eks.us-east-1.amazonaws.com/id/0607ED1B5031BD8206F61436004F0939"
                  }
                ]
              }
            ],
            "kubernetes_network_config": [
              {
                "elastic_load_balancing": [
                  {
                    "enabled": false
                  }
                ],
                "ip_family": "ipv4",
                "service_ipv4_cidr": "172.20.0.0/16",
                "service_ipv6_cidr": ""
              }
            ],
            "name": "eks-cluster-AlinaRyabova",
            "outpost_config": [],
            "platform_version": "eks.12",
            "region": "us-east-1",
            "remote_network_config": [],
            "role_arn": "arn:aws:iam::140147588849:role/eks-cluster-AlinaRyabova-eks-cluster",
            "status": "ACTIVE",
            "storage_config": [],
            "tags": {},
            "tags_all": {},
            "timeouts": null,
            "upgrade_policy": [
              {
                "support_type": "EXTENDED"
              }
            ],
            "version": "1.33",
            "vpc_config": [
              {
                "cluster_security_group_id": "sg-0803aedfe22883bee",
                "endpoint_private_access": true,
                "endpoint_public_access": true,
                "public_access_cidrs": [
                  "0.0.0.0/0"
                ],
                "security_group_ids": [],
                "subnet_ids": [
                  "subnet-04caa5d64b6f6c05c",
                  "subnet-0eee6dffa27dcb1dd",
                  "subnet-0ef7ccbd334097b89"
                ],
                "vpc_id": "vpc-0e6ac879609bbc844"
              }
            ],
            "zonal_shift_config": []
          },
          "sensitive_attributes": [],
          "identity_schema_version": 0,
          "private": "eyJlMmJmYjczMC1lY2FhLTExZTYtOGY4OC0zNDM2M2JjN2M0YzAiOnsiY3JlYXRlIjoxODAwMDAwMDAwMDAwLCJkZWxldGUiOjkwMDAwMDAwMDAwMCwidXBkYXRlIjozNjAwMDAwMDAwMDAwfSwic2NoZW1hX3ZlcnNpb24iOiIxIn0=",
          "dependencies": [
            "module.eks.aws_iam_role.eks",
            "module.eks.aws_iam_role_policy_attachment.eks",
            "module.vpc.aws_subnet.public",
            "module.vpc.aws_vpc.main"
          ]
        }
      ]
    },
    {
      "module": "module.eks",
      "mode": "managed",
      "type": "aws_eks_node_group",
      "name": "general",
      "provider": "provider[\"registry.terraform.io/hashicorp/aws\"]",
      "instances": [
        {
          "schema_version": 0,
          "attributes": {
            "ami_type": "AL2023_x86_64_STANDARD",
            "arn": "arn:aws:eks:us-east-1:140147588849:nodegroup/eks-cluster-AlinaRyabova/node-group-AlinaRyabova/facc91ce-50f3-ca2c-8fc7-bb360f58748d",
            "capacity_type": "ON_DEMAND",
            "cluster_name": "eks-cluster-AlinaRyabova",
            "disk_size": 20,
            "force_update_version": null,
            "id": "eks-cluster-AlinaRyabova:node-group-AlinaRyabova",
            "instance_types": [
              "t3.medium"
            ],
            "labels": {
              "role": "general"
            },
            "launch_template": [],
            "node_group_name": "node-group-AlinaRyabova",
            "node_group_name_prefix": "",
            "node_repair_config": [],
            "node_role_arn": "arn:aws:iam::140147588849:role/eks-cluster-AlinaRyabova-eks-nodes",
            "region": "us-east-1",
            "release_version": "1.33.4-20250904",
            "remote_access": [],
            "resources": [
              {
                "autoscaling_groups": [
                  {
                    "name": "eks-node-group-AlinaRyabova-facc91ce-50f3-ca2c-8fc7-bb360f58748d"
                  }
                ],
                "remote_access_security_group_id": ""
              }
            ],
            "scaling_config": [
              {
                "desired_size": 2,
                "max_size": 3,
                "min_size": 1
              }
            ],
            "status": "ACTIVE",
            "subnet_ids": [
              "subnet-04caa5d64b6f6c05c",
              "subnet-0eee6dffa27dcb1dd",
              "subnet-0ef7ccbd334097b89"
            ],
            "tags": {},
            "tags_all": {},
            "taint": [],
            "timeouts": null,
            "update_config": [
              {
                "max_unavailable": 1,
                "max_unavailable_percentage": 0
              }
            ],
            "version": "1.33"
          },
          "sensitive_attributes": [],
          "identity_schema_version": 0,
          "private": "eyJlMmJmYjczMC1lY2FhLTExZTYtOGY4OC0zNDM2M2JjN2M0YzAiOnsiY3JlYXRlIjozNjAwMDAwMDAwMDAwLCJkZWxldGUiOjM2MDAwMDAwMDAwMDAsInVwZGF0ZSI6MzYwMDAwMDAwMDAwMH19",
          "dependencies": [
            "module.eks.aws_eks_cluster.eks",
            "module.eks.aws_iam_policy.ebs_csi_custom_policy",
            "module.eks.aws_iam_role.eks",
            "module.eks.aws_iam_role.nodes",
            "module.eks.aws_iam_role_policy_attachment.amazon_ebs_csi_driver_policy",
            "module.eks.aws_iam_role_policy_attachment.amazon_ec2_container_registry_read_only",
            "module.eks.aws_iam_role_policy_attachment.amazon_eks_cni_policy",
            "module.eks.aws_iam_role_policy_attachment.amazon_eks_worker_node_policy",
            "module.eks.aws_iam_role_policy_attachment.attach_custom_ebs_policy",
            "module.eks.aws_iam_role_policy_attachment.efs_csi_driver_policy",
            "module.eks.aws_iam_role_policy_attachment.eks",
            "module.eks.aws_iam_role_policy_attachment.ssm_managed_instance_core",
            "module.vpc.aws_subnet.public",
            "module.vpc.aws_vpc.main"
          ]
        }
      ]
    },
    {
      "module": "module.eks",
      "mode": "managed",
      "type": "aws_iam_openid_connect_provider",
      "name": "oidc",
      "provider": "provider[\"registry.terraform.io/hashicorp/aws\"]",
      "instances": [
        {
          "schema_version": 0,
          "attributes": {
            "arn": "arn:aws:iam::140147588849:oidc-provider/oidc.eks.us-east-1.amazonaws.com/id/0607ED1B5031BD8206F61436004F0939",
            "client_id_list": [
              "sts.amazonaws.com"
            ],
            "id": "arn:aws:iam::140147588849:oidc-provider/oidc.eks.us-east-1.amazonaws.com/id/0607ED1B5031BD8206F61436004F0939",
            "tags": {},
            "tags_all": {},
            "thumbprint_list": [
              "9e99a48a9960b14926bb7f3b02e22da0ecd6c6f9"
            ],
            "url": "oidc.eks.us-east-1.amazonaws.com/id/0607ED1B5031BD8206F61436004F0939"
          },
          "sensitive_attributes": [],
          "identity_schema_version": 0,
          "identity": {
            "arn": "arn:aws:iam::140147588849:oidc-provider/oidc.eks.us-east-1.amazonaws.com/id/0607ED1B5031BD8206F61436004F0939"
          },
          "private": "bnVsbA==",
          "dependencies": [
            "module.eks.aws_eks_cluster.eks",
            "module.eks.aws_iam_role.eks",
            "module.eks.aws_iam_role_policy_attachment.eks",
            "module.vpc.aws_subnet.public",
            "module.vpc.aws_vpc.main"
          ]
        }
      ]
    },
    {
      "module": "module.eks",
      "mode": "managed",
      "type": "aws_iam_policy",
      "name": "ebs_csi_custom_policy",
      "provider": "provider[\"registry.terraform.io/hashicorp/aws\"]",
      "instances": [
        {
          "schema_version": 0,
          "attributes": {
            "arn": "arn:aws:iam::140147588849:policy/AmazonEBSCSICustomPolicy-AlinaRyabova",
            "attachment_count": 1,
            "description": "Custom policy for EBS CSI driver",
            "id": "arn:aws:iam::140147588849:policy/AmazonEBSCSICustomPolicy-AlinaRyabova",
            "name": "AmazonEBSCSICustomPolicy-AlinaRyabova",
            "name_prefix": "",
            "path": "/",
            "policy": "{\"Statement\":[{\"Action\":[\"ec2:CreateVolume\",\"ec2:DeleteVolume\",\"ec2:AttachVolume\",\"ec2:DetachVolume\",\"ec2:DescribeAvailabilityZones\",\"ec2:DescribeVolumes\",\"ec2:DescribeVolumesModifications\",\"ec2:DescribeInstances\",\"ec2:DescribeTags\"],\"Effect\":\"Allow\",\"Resource\":\"*\"}],\"Version\":\"2012-10-17\"}",
            "policy_id": "ANPASBILSP3YWUNCFK4QL",
            "tags": {},
            "tags_all": {}
          },
          "sensitive_attributes": [],
          "identity_schema_version": 0,
          "identity": {
            "arn": "arn:aws:iam::140147588849:policy/AmazonEBSCSICustomPolicy-AlinaRyabova"
          },
          "private": "bnVsbA=="
        }
      ]
    },
    {
      "module": "module.eks",
      "mode": "managed",
      "type": "aws_iam_role",
      "name": "ebs_csi_irsa_role",
      "provider": "provider[\"registry.terraform.io/hashicorp/aws\"]",
      "instances": [
        {
          "schema_version": 0,
          "attributes": {
            "arn": "arn:aws:iam::140147588849:role/eks-cluster-AlinaRyabova-ebs-csi-irsa-role",
            "assume_role_policy": "{\"Statement\":[{\"Action\":\"sts:AssumeRoleWithWebIdentity\",\"Condition\":{\"StringEquals\":{\"oidc.eks.us-east-1.amazonaws.com/id/0607ED1B5031BD8206F61436004F0939:sub\":\"system:serviceaccount:kube-system:ebs-csi-controller-sa\"}},\"Effect\":\"Allow\",\"Principal\":{\"Federated\":\"arn:aws:iam::140147588849:oidc-provider/oidc.eks.us-east-1.amazonaws.com/id/0607ED1B5031BD8206F61436004F0939\"}}],\"Version\":\"2012-10-17\"}",
            "create_date": "2025-09-07T09:58:12Z",
            "description": "",
            "force_detach_policies": false,
            "id": "eks-cluster-AlinaRyabova-ebs-csi-irsa-role",
            "inline_policy": [],
            "managed_policy_arns": [
              "arn:aws:iam::aws:policy/service-role/AmazonEBSCSIDriverPolicy"
            ],
            "max_session_duration": 3600,
            "name": "eks-cluster-AlinaRyabova-ebs-csi-irsa-role",
            "name_prefix": "",
            "path": "/",
            "permissions_boundary": "",
            "tags": {},
            "tags_all": {},
            "unique_id": "AROASBILSP3Y6T53GATS3"
          },
          "sensitive_attributes": [],
          "identity_schema_version": 0,
          "identity": {
            "account_id": "140147588849",
            "name": "eks-cluster-AlinaRyabova-ebs-csi-irsa-role"
          },
          "private": "bnVsbA==",
          "dependencies": [
            "module.eks.aws_eks_cluster.eks",
            "module.eks.aws_iam_openid_connect_provider.oidc",
            "module.eks.aws_iam_role.eks",
            "module.eks.aws_iam_role_policy_attachment.eks",
            "module.vpc.aws_subnet.public",
            "module.vpc.aws_vpc.main"
          ]
        }
      ]
    },
    {
      "module": "module.eks",
      "mode": "managed",
      "type": "aws_iam_role",
      "name": "eks",
      "provider": "provider[\"registry.terraform.io/hashicorp/aws\"]",
      "instances": [
        {
          "schema_version": 0,
          "attributes": {
            "arn": "arn:aws:iam::140147588849:role/eks-cluster-AlinaRyabova-eks-cluster",
            "assume_role_policy": "{\"Statement\":[{\"Action\":\"sts:AssumeRole\",\"Effect\":\"Allow\",\"Principal\":{\"Service\":\"eks.amazonaws.com\"}}],\"Version\":\"2012-10-17\"}",
            "create_date": "2025-09-07T09:47:51Z",
            "description": "",
            "force_detach_policies": false,
            "id": "eks-cluster-AlinaRyabova-eks-cluster",
            "inline_policy": [],
            "managed_policy_arns": [
              "arn:aws:iam::aws:policy/AmazonEKSClusterPolicy"
            ],
            "max_session_duration": 3600,
            "name": "eks-cluster-AlinaRyabova-eks-cluster",
            "name_prefix": "",
            "path": "/",
            "permissions_boundary": "",
            "tags": {},
            "tags_all": {},
            "unique_id": "AROASBILSP3YT4XFZTPUS"
          },
          "sensitive_attributes": [],
          "identity_schema_version": 0,
          "identity": {
            "account_id": "140147588849",
            "name": "eks-cluster-AlinaRyabova-eks-cluster"
          },
          "private": "bnVsbA=="
        }
      ]
    },
    {
      "module": "module.eks",
      "mode": "managed",
      "type": "aws_iam_role",
      "name": "nodes",
      "provider": "provider[\"registry.terraform.io/hashicorp/aws\"]",
      "instances": [
        {
          "schema_version": 0,
          "attributes": {
            "arn": "arn:aws:iam::140147588849:role/eks-cluster-AlinaRyabova-eks-nodes",
            "assume_role_policy": "{\"Statement\":[{\"Action\":\"sts:AssumeRole\",\"Effect\":\"Allow\",\"Principal\":{\"Service\":\"ec2.amazonaws.com\"}}],\"Version\":\"2012-10-17\"}",
            "create_date": "2025-09-07T09:47:51Z",
            "description": "",
            "force_detach_policies": false,
            "id": "eks-cluster-AlinaRyabova-eks-nodes",
            "inline_policy": [],
            "managed_policy_arns": [
              "arn:aws:iam::140147588849:policy/AmazonEBSCSICustomPolicy-AlinaRyabova",
              "arn:aws:iam::aws:policy/AmazonEC2ContainerRegistryReadOnly",
              "arn:aws:iam::aws:policy/AmazonEKSWorkerNodePolicy",
              "arn:aws:iam::aws:policy/AmazonEKS_CNI_Policy",
              "arn:aws:iam::aws:policy/AmazonSSMManagedInstanceCore",
              "arn:aws:iam::aws:policy/service-role/AmazonEBSCSIDriverPolicy",
              "arn:aws:iam::aws:policy/service-role/AmazonEFSCSIDriverPolicy"
            ],
            "max_session_duration": 3600,
            "name": "eks-cluster-AlinaRyabova-eks-nodes",
            "name_prefix": "",
            "path": "/",
            "permissions_boundary": "",
            "tags": {},
            "tags_all": {},
            "unique_id": "AROASBILSP3YXNLQR7HJO"
          },
          "sensitive_attributes": [],
          "identity_schema_version": 0,
          "identity": {
            "account_id": "140147588849",
            "name": "eks-cluster-AlinaRyabova-eks-nodes"
          },
          "private": "bnVsbA=="
        }
      ]
    },
    {
      "module": "module.eks",
      "mode": "managed",
      "type": "aws_iam_role_policy_attachment",
      "name": "amazon_ebs_csi_driver_policy",
      "provider": "provider[\"registry.terraform.io/hashicorp/aws\"]",
      "instances": [
        {
          "schema_version": 0,
          "attributes": {
            "id": "eks-cluster-AlinaRyabova-eks-nodes/arn:aws:iam::aws:policy/service-role/AmazonEBSCSIDriverPolicy",
            "policy_arn": "arn:aws:iam::aws:policy/service-role/AmazonEBSCSIDriverPolicy",
            "role": "eks-cluster-AlinaRyabova-eks-nodes"
          },
          "sensitive_attributes": [],
          "identity_schema_version": 0,
          "identity": {
            "account_id": "140147588849",
            "policy_arn": "arn:aws:iam::aws:policy/service-role/AmazonEBSCSIDriverPolicy",
            "role": "eks-cluster-AlinaRyabova-eks-nodes"
          },
          "private": "bnVsbA==",
          "dependencies": [
            "module.eks.aws_iam_role.nodes"
          ]
        }
      ]
    },
    {
      "module": "module.eks",
      "mode": "managed",
      "type": "aws_iam_role_policy_attachment",
      "name": "amazon_ec2_container_registry_read_only",
      "provider": "provider[\"registry.terraform.io/hashicorp/aws\"]",
      "instances": [
        {
          "schema_version": 0,
          "attributes": {
            "id": "eks-cluster-AlinaRyabova-eks-nodes/arn:aws:iam::aws:policy/AmazonEC2ContainerRegistryReadOnly",
            "policy_arn": "arn:aws:iam::aws:policy/AmazonEC2ContainerRegistryReadOnly",
            "role": "eks-cluster-AlinaRyabova-eks-nodes"
          },
          "sensitive_attributes": [],
          "identity_schema_version": 0,
          "identity": {
            "account_id": "140147588849",
            "policy_arn": "arn:aws:iam::aws:policy/AmazonEC2ContainerRegistryReadOnly",
            "role": "eks-cluster-AlinaRyabova-eks-nodes"
          },
          "private": "bnVsbA==",
          "dependencies": [
            "module.eks.aws_iam_role.nodes"
          ]
        }
      ]
    },
    {
      "module": "module.eks",
      "mode": "managed",
      "type": "aws_iam_role_policy_attachment",
      "name": "amazon_eks_cni_policy",
      "provider": "provider[\"registry.terraform.io/hashicorp/aws\"]",
      "instances": [
        {
          "schema_version": 0,
          "attributes": {
            "id": "eks-cluster-AlinaRyabova-eks-nodes/arn:aws:iam::aws:policy/AmazonEKS_CNI_Policy",
            "policy_arn": "arn:aws:iam::aws:policy/AmazonEKS_CNI_Policy",
            "role": "eks-cluster-AlinaRyabova-eks-nodes"
          },
          "sensitive_attributes": [],
          "identity_schema_version": 0,
          "identity": {
            "account_id": "140147588849",
            "policy_arn": "arn:aws:iam::aws:policy/AmazonEKS_CNI_Policy",
            "role": "eks-cluster-AlinaRyabova-eks-nodes"
          },
          "private": "bnVsbA==",
          "dependencies": [
            "module.eks.aws_iam_role.nodes"
          ]
        }
      ]
    },
    {
      "module": "module.eks",
      "mode": "managed",
      "type": "aws_iam_role_policy_attachment",
      "name": "amazon_eks_worker_node_policy",
      "provider": "provider[\"registry.terraform.io/hashicorp/aws\"]",
      "instances": [
        {
          "schema_version": 0,
          "attributes": {
            "id": "eks-cluster-AlinaRyabova-eks-nodes/arn:aws:iam::aws:policy/AmazonEKSWorkerNodePolicy",
            "policy_arn": "arn:aws:iam::aws:policy/AmazonEKSWorkerNodePolicy",
            "role": "eks-cluster-AlinaRyabova-eks-nodes"
          },
          "sensitive_attributes": [],
          "identity_schema_version": 0,
          "identity": {
            "account_id": "140147588849",
            "policy_arn": "arn:aws:iam::aws:policy/AmazonEKSWorkerNodePolicy",
            "role": "eks-cluster-AlinaRyabova-eks-nodes"
          },
          "private": "bnVsbA==",
          "dependencies": [
            "module.eks.aws_iam_role.nodes"
          ]
        }
      ]
    },
    {
      "module": "module.eks",
      "mode": "managed",
      "type": "aws_iam_role_policy_attachment",
      "name": "attach_custom_ebs_policy",
      "provider": "provider[\"registry.terraform.io/hashicorp/aws\"]",
      "instances": [
        {
          "schema_version": 0,
          "attributes": {
            "id": "eks-cluster-AlinaRyabova-eks-nodes/arn:aws:iam::140147588849:policy/AmazonEBSCSICustomPolicy-AlinaRyabova",
            "policy_arn": "arn:aws:iam::140147588849:policy/AmazonEBSCSICustomPolicy-AlinaRyabova",
            "role": "eks-cluster-AlinaRyabova-eks-nodes"
          },
          "sensitive_attributes": [],
          "identity_schema_version": 0,
          "identity": {
            "account_id": "140147588849",
            "policy_arn": "arn:aws:iam::140147588849:policy/AmazonEBSCSICustomPolicy-AlinaRyabova",
            "role": "eks-cluster-AlinaRyabova-eks-nodes"
          },
          "private": "bnVsbA==",
          "dependencies": [
            "module.eks.aws_iam_policy.ebs_csi_custom_policy",
            "module.eks.aws_iam_role.nodes"
          ]
        }
      ]
    },
    {
      "module": "module.eks",
      "mode": "managed",
      "type": "aws_iam_role_policy_attachment",
      "name": "ebs_irsa_policy",
      "provider": "provider[\"registry.terraform.io/hashicorp/aws\"]",
      "instances": [
        {
          "schema_version": 0,
          "attributes": {
            "id": "eks-cluster-AlinaRyabova-ebs-csi-irsa-role/arn:aws:iam::aws:policy/service-role/AmazonEBSCSIDriverPolicy",
            "policy_arn": "arn:aws:iam::aws:policy/service-role/AmazonEBSCSIDriverPolicy",
            "role": "eks-cluster-AlinaRyabova-ebs-csi-irsa-role"
          },
          "sensitive_attributes": [],
          "identity_schema_version": 0,
          "identity": {
            "account_id": "140147588849",
            "policy_arn": "arn:aws:iam::aws:policy/service-role/AmazonEBSCSIDriverPolicy",
            "role": "eks-cluster-AlinaRyabova-ebs-csi-irsa-role"
          },
          "private": "bnVsbA==",
          "dependencies": [
            "module.eks.aws_eks_cluster.eks",
            "module.eks.aws_iam_openid_connect_provider.oidc",
            "module.eks.aws_iam_role.ebs_csi_irsa_role",
            "module.eks.aws_iam_role.eks",
            "module.eks.aws_iam_role_policy_attachment.eks",
            "module.vpc.aws_subnet.public",
            "module.vpc.aws_vpc.main"
          ]
        }
      ]
    },
    {
      "module": "module.eks",
      "mode": "managed",
      "type": "aws_iam_role_policy_attachment",
      "name": "efs_csi_driver_policy",
      "provider": "provider[\"registry.terraform.io/hashicorp/aws\"]",
      "instances": [
        {
          "schema_version": 0,
          "attributes": {
            "id": "eks-cluster-AlinaRyabova-eks-nodes/arn:aws:iam::aws:policy/service-role/AmazonEFSCSIDriverPolicy",
            "policy_arn": "arn:aws:iam::aws:policy/service-role/AmazonEFSCSIDriverPolicy",
            "role": "eks-cluster-AlinaRyabova-eks-nodes"
          },
          "sensitive_attributes": [],
          "identity_schema_version": 0,
          "identity": {
            "account_id": "140147588849",
            "policy_arn": "arn:aws:iam::aws:policy/service-role/AmazonEFSCSIDriverPolicy",
            "role": "eks-cluster-AlinaRyabova-eks-nodes"
          },
          "private": "bnVsbA==",
          "dependencies": [
            "module.eks.aws_iam_role.nodes"
          ]
        }
      ]
    },
    {
      "module": "module.eks",
      "mode": "managed",
      "type": "aws_iam_role_policy_attachment",
      "name": "eks",
      "provider": "provider[\"registry.terraform.io/hashicorp/aws\"]",
      "instances": [
        {
          "schema_version": 0,
          "attributes": {
            "id": "eks-cluster-AlinaRyabova-eks-cluster/arn:aws:iam::aws:policy/AmazonEKSClusterPolicy",
            "policy_arn": "arn:aws:iam::aws:policy/AmazonEKSClusterPolicy",
            "role": "eks-cluster-AlinaRyabova-eks-cluster"
          },
          "sensitive_attributes": [],
          "identity_schema_version": 0,
          "identity": {
            "account_id": "140147588849",
            "policy_arn": "arn:aws:iam::aws:policy/AmazonEKSClusterPolicy",
            "role": "eks-cluster-AlinaRyabova-eks-cluster"
          },
          "private": "bnVsbA==",
          "dependencies": [
            "module.eks.aws_iam_role.eks"
          ]
        }
      ]
    },
    {
      "module": "module.eks",
      "mode": "managed",
      "type": "aws_iam_role_policy_attachment",
      "name": "ssm_managed_instance_core",
      "provider": "provider[\"registry.terraform.io/hashicorp/aws\"]",
      "instances": [
        {
          "schema_version": 0,
          "attributes": {
            "id": "eks-cluster-AlinaRyabova-eks-nodes/arn:aws:iam::aws:policy/AmazonSSMManagedInstanceCore",
            "policy_arn": "arn:aws:iam::aws:policy/AmazonSSMManagedInstanceCore",
            "role": "eks-cluster-AlinaRyabova-eks-nodes"
          },
          "sensitive_attributes": [],
          "identity_schema_version": 0,
          "identity": {
            "account_id": "140147588849",
            "policy_arn": "arn:aws:iam::aws:policy/AmazonSSMManagedInstanceCore",
            "role": "eks-cluster-AlinaRyabova-eks-nodes"
          },
          "private": "bnVsbA==",
          "dependencies": [
            "module.eks.aws_iam_role.nodes"
          ]
        }
      ]
    },
    {
      "module": "module.jenkins",
      "mode": "managed",
      "type": "aws_iam_role",
      "name": "jenkins_kaniko_role",
      "provider": "provider[\"registry.terraform.io/hashicorp/aws\"]",
      "instances": [
        {
          "schema_version": 0,
          "attributes": {
            "arn": "arn:aws:iam::140147588849:role/eks-cluster-AlinaRyabova-jenkins-kaniko-role",
            "assume_role_policy": "{\"Statement\":[{\"Action\":\"sts:AssumeRoleWithWebIdentity\",\"Condition\":{\"StringEquals\":{\"oidc.eks.us-east-1.amazonaws.com/id/0607ED1B5031BD8206F61436004F0939:sub\":\"system:serviceaccount:jenkins:jenkins-sa\"}},\"Effect\":\"Allow\",\"Principal\":{\"Federated\":\"arn:aws:iam::140147588849:oidc-provider/oidc.eks.us-east-1.amazonaws.com/id/0607ED1B5031BD8206F61436004F0939\"}}],\"Version\":\"2012-10-17\"}",
            "create_date": "2025-09-07T10:11:46Z",
            "description": "",
            "force_detach_policies": false,
            "id": "eks-cluster-AlinaRyabova-jenkins-kaniko-role",
            "inline_policy": [],
            "managed_policy_arns": [],
            "max_session_duration": 3600,
            "name": "eks-cluster-AlinaRyabova-jenkins-kaniko-role",
            "name_prefix": "",
            "path": "/",
            "permissions_boundary": "",
            "tags": null,
            "tags_all": {},
            "unique_id": "AROASBILSP3YW6ZHL5PL5"
          },
          "sensitive_attributes": [],
          "identity_schema_version": 0,
          "identity": {
            "account_id": "140147588849",
            "name": "eks-cluster-AlinaRyabova-jenkins-kaniko-role"
          },
          "private": "bnVsbA==",
          "dependencies": [
            "module.eks.aws_eks_addon.ebs_csi_driver",
            "module.eks.aws_eks_cluster.eks",
            "module.eks.aws_eks_node_group.general",
            "module.eks.aws_iam_openid_connect_provider.oidc",
            "module.eks.aws_iam_policy.ebs_csi_custom_policy",
            "module.eks.aws_iam_role.ebs_csi_irsa_role",
            "module.eks.aws_iam_role.eks",
            "module.eks.aws_iam_role.nodes",
            "module.eks.aws_iam_role_policy_attachment.amazon_ebs_csi_driver_policy",
            "module.eks.aws_iam_role_policy_attachment.amazon_ec2_container_registry_read_only",
            "module.eks.aws_iam_role_policy_attachment.amazon_eks_cni_policy",
            "module.eks.aws_iam_role_policy_attachment.amazon_eks_worker_node_policy",
            "module.eks.aws_iam_role_policy_attachment.attach_custom_ebs_policy",
            "module.eks.aws_iam_role_policy_attachment.ebs_irsa_policy",
            "module.eks.aws_iam_role_policy_attachment.efs_csi_driver_policy",
            "module.eks.aws_iam_role_policy_attachment.eks",
            "module.eks.aws_iam_role_policy_attachment.ssm_managed_instance_core",
            "module.vpc.aws_subnet.public",
            "module.vpc.aws_vpc.main"
          ]
        }
      ]
    },
    {
      "module": "module.jenkins",
      "mode": "managed",
      "type": "aws_iam_role_policy",
      "name": "jenkins_ecr_policy",
      "provider": "provider[\"registry.terraform.io/hashicorp/aws\"]",
      "instances": [
        {
          "schema_version": 0,
          "attributes": {
            "id": "eks-cluster-AlinaRyabova-jenkins-kaniko-role:eks-cluster-AlinaRyabova-jenkins-kaniko-ecr-policy",
            "name": "eks-cluster-AlinaRyabova-jenkins-kaniko-ecr-policy",
            "name_prefix": "",
            "policy": "{\"Version\":\"2012-10-17\",\"Statement\":[{\"Action\":[\"ecr:GetAuthorizationToken\",\"ecr:BatchCheckLayerAvailability\",\"ecr:PutImage\",\"ecr:InitiateLayerUpload\",\"ecr:UploadLayerPart\",\"ecr:CompleteLayerUpload\",\"ecr:DescribeRepositories\"],\"Effect\":\"Allow\",\"Resource\":\"*\"}]}",
            "role": "eks-cluster-AlinaRyabova-jenkins-kaniko-role"
          },
          "sensitive_attributes": [],
          "identity_schema_version": 0,
          "identity": {
            "account_id": "140147588849",
            "name": "eks-cluster-AlinaRyabova-jenkins-kaniko-ecr-policy",
            "role": "eks-cluster-AlinaRyabova-jenkins-kaniko-role"
          },
          "private": "bnVsbA==",
          "dependencies": [
            "module.eks.aws_eks_addon.ebs_csi_driver",
            "module.eks.aws_eks_cluster.eks",
            "module.eks.aws_eks_node_group.general",
            "module.eks.aws_iam_openid_connect_provider.oidc",
            "module.eks.aws_iam_policy.ebs_csi_custom_policy",
            "module.eks.aws_iam_role.ebs_csi_irsa_role",
            "module.eks.aws_iam_role.eks",
            "module.eks.aws_iam_role.nodes",
            "module.eks.aws_iam_role_policy_attachment.amazon_ebs_csi_driver_policy",
            "module.eks.aws_iam_role_policy_attachment.amazon_ec2_container_registry_read_only",
            "module.eks.aws_iam_role_policy_attachment.amazon_eks_cni_policy",
            "module.eks.aws_iam_role_policy_attachment.amazon_eks_worker_node_policy",
            "module.eks.aws_iam_role_policy_attachment.attach_custom_ebs_policy",
            "module.eks.aws_iam_role_policy_attachment.ebs_irsa_policy",
            "module.eks.aws_iam_role_policy_attachment.efs_csi_driver_policy",
            "module.eks.aws_iam_role_policy_attachment.eks",
            "module.eks.aws_iam_role_policy_attachment.ssm_managed_instance_core",
            "module.jenkins.aws_iam_role.jenkins_kaniko_role",
            "module.vpc.aws_subnet.public",
            "module.vpc.aws_vpc.main"
          ]
        }
      ]
    },
    {
      "module": "module.jenkins",
      "mode": "managed",
      "type": "helm_release",
      "name": "jenkins",
      "provider": "provider[\"registry.terraform.io/hashicorp/helm\"]",
      "instances": [
        {
          "schema_version": 2,
          "attributes": {
            "atomic": false,
            "chart": "jenkins",
            "cleanup_on_fail": false,
            "create_namespace": false,
            "dependency_update": false,
            "description": null,
            "devel": null,
            "disable_crd_hooks": false,
            "disable_openapi_validation": false,
            "disable_webhooks": false,
            "force_update": false,
            "id": "jenkins",
            "keyring": null,
            "lint": false,
            "manifest": null,
            "max_history": 0,
            "metadata": {
              "app_version": "2.492.2",
              "chart": "jenkins",
              "first_deployed": 1757239909,
              "last_deployed": 1757239909,
              "name": "jenkins",
              "namespace": "jenkins",
              "notes": "1. Get your 'admin' user password by running:\n  kubectl exec --namespace jenkins -it svc/jenkins -c jenkins -- /bin/cat /run/secrets/additional/chart-admin-password \u0026\u0026 echo\n2. Get the Jenkins URL to visit by running these commands in the same shell:\n  NOTE: It may take a few minutes for the LoadBalancer IP to be available.\n        You can watch the status of by running 'kubectl get svc --namespace jenkins -w jenkins'\n  export SERVICE_IP=$(kubectl get svc --namespace jenkins jenkins --template \"{{ range (index .status.loadBalancer.ingress 0) }}{{ . }}{{ end }}\")\n  echo http://$SERVICE_IP:80\n\n3. Login with the password from step 1 and the username: admin\n4. Configure security realm and authorization strategy\n5. Use Jenkins Configuration as Code by specifying configScripts in your values.yaml file, see documentation: http://$SERVICE_IP:80/configuration-as-code and examples: https://github.com/jenkinsci/configuration-as-code-plugin/tree/master/demos\n\nFor more information on running Jenkins on Kubernetes, visit:\nhttps://cloud.google.com/solutions/jenkins-on-container-engine\n\nFor more information about Jenkins Configuration as Code, visit:\nhttps://jenkins.io/projects/jcasc/\n\n\nNOTE: Consider using a custom image with pre-installed plugins\n",
              "revision": 1,
              "values": "{\"controller\":{\"JCasC\":{\"configScripts\":{\"credentials\":\"credentials:\\n  system:\\n    domainCredentials:\\n      - credentials:\\n          - usernamePassword:\\n              scope: GLOBAL\\n              id: github-token\\n              username: ${github_user}\\n              password: ${github_pat}\\n              description: GitHub PAT\\n\",\"seed-job\":\"jobs:\\n  - script: \\u003e\\n      job('seed-job') {\\n        description('Job to generate pipeline for Django project')\\n        scm {\\n          git {\\n            remote {\\n              url('${github_repo_url}')\\n              credentials('github-token')\\n            }\\n            branches('*/lesson-8-9')\\n          }\\n        }\\n        steps {\\n          dsl {\\n            text('''\\n              pipelineJob(\\\"goit-django-docker\\\") {\\n                definition {\\n                  cpsScm {\\n                    scm {\\n                      git {\\n                        remote {\\n                          url(\\\"${github_repo_url}\\\")\\n                          credentials(\\\"github-token\\\")\\n                        }\\n                        branches(\\\"*/lesson-8-9\\\")\\n                      }\\n                    }\\n                  }\\n                }\\n              }\\n            ''')\\n          }\\n        }\\n      }\\n\"}},\"admin\":{\"password\":\"admin123\",\"username\":\"admin\"},\"installPlugins\":[\"kubernetes:latest\",\"workflow-aggregator:latest\",\"git:latest\",\"configuration-as-code:latest\",\"credentials-binding:latest\",\"github:latest\",\"docker-plugin:latest\",\"docker-workflow:latest\",\"job-dsl:latest\"],\"persistentVolume\":{\"enabled\":true,\"size\":\"10Gi\",\"storageClass\":\"ebs-sc\"},\"resources\":{\"limits\":{\"cpu\":\"500m\",\"memory\":\"1Gi\"},\"requests\":{\"cpu\":\"250m\",\"memory\":\"512Mi\"}},\"service\":{\"port\":80,\"targetPort\":8080},\"serviceAccount\":{\"create\":false,\"name\":\"jenkins-sa\"},\"servicePort\":80,\"serviceType\":\"LoadBalancer\"}}",
              "version": "5.8.27"
            },
            "name": "jenkins",
            "namespace": "jenkins",
            "pass_credentials": false,
            "postrender": null,
            "recreate_pods": false,
            "render_subchart_notes": true,
            "replace": false,
            "repository": "https://charts.jenkins.io",
            "repository_ca_file": null,
            "repository_cert_file": null,
            "repository_key_file": null,
            "repository_password": null,
            "repository_username": null,
            "reset_values": false,
            "reuse_values": false,
            "set": null,
            "set_list": null,
            "set_sensitive": null,
            "set_wo": null,
            "set_wo_revision": null,
            "skip_crds": false,
            "status": "deployed",
            "timeout": 300,
            "values": [
              "controller:\n  admin:\n    username: admin\n    password: admin123\n  serviceType: LoadBalancer\n  servicePort: 80\n  service:\n    port: 80\n    targetPort: 8080\n  resources:\n    limits:\n      cpu: \"500m\"\n      memory: \"1Gi\"\n    requests:\n      cpu: \"250m\"\n      memory: \"512Mi\"\n  persistentVolume:\n    enabled: true\n    storageClass: \"ebs-sc\"\n    size: 10Gi\n  installPlugins:\n    - kubernetes:latest\n    - workflow-aggregator:latest\n    - git:latest\n    - configuration-as-code:latest\n    - credentials-binding:latest\n    - github:latest\n    - docker-plugin:latest\n    - docker-workflow:latest\n    - job-dsl:latest\n  serviceAccount:\n    name: jenkins-sa\n    create: false\n  JCasC:\n    configScripts:\n      credentials: |\n        credentials:\n          system:\n            domainCredentials:\n              - credentials:\n                  - usernamePassword:\n                      scope: GLOBAL\n                      id: github-token\n                      username: ${github_user}\n                      password: ${github_pat}\n                      description: GitHub PAT\n      seed-job: |\n        jobs:\n          - script: \u003e\n              job('seed-job') {\n                description('Job to generate pipeline for Django project')\n                scm {\n                  git {\n                    remote {\n                      url('${github_repo_url}')\n                      credentials('github-token')\n                    }\n                    branches('*/lesson-8-9')\n                  }\n                }\n                steps {\n                  dsl {\n                    text('''\n                      pipelineJob(\"goit-django-docker\") {\n                        definition {\n                          cpsScm {\n                            scm {\n                              git {\n                                remote {\n                                  url(\"${github_repo_url}\")\n                                  credentials(\"github-token\")\n                                }\n                                branches(\"*/lesson-8-9\")\n                              }\n                            }\n                          }\n                        }\n                      }\n                    ''')\n                  }\n                }\n              }\n"
            ],
            "verify": false,
            "version": "5.8.27",
            "wait": true,
            "wait_for_jobs": false
          },
          "sensitive_attributes": [
            [
              {
                "type": "get_attr",
                "value": "repository_password"
              }
            ]
          ],
          "identity_schema_version": 0,
          "identity": {
            "namespace": "jenkins",
            "release_name": "jenkins"
          },
          "dependencies": [
            "data.aws_eks_cluster.eks",
            "data.aws_eks_cluster_auth.eks",
            "module.eks.aws_eks_addon.ebs_csi_driver",
            "module.eks.aws_eks_cluster.eks",
            "module.eks.aws_eks_node_group.general",
            "module.eks.aws_iam_openid_connect_provider.oidc",
            "module.eks.aws_iam_policy.ebs_csi_custom_policy",
            "module.eks.aws_iam_role.ebs_csi_irsa_role",
            "module.eks.aws_iam_role.eks",
            "module.eks.aws_iam_role.nodes",
            "module.eks.aws_iam_role_policy_attachment.amazon_ebs_csi_driver_policy",
            "module.eks.aws_iam_role_policy_attachment.amazon_ec2_container_registry_read_only",
            "module.eks.aws_iam_role_policy_attachment.amazon_eks_cni_policy",
            "module.eks.aws_iam_role_policy_attachment.amazon_eks_worker_node_policy",
            "module.eks.aws_iam_role_policy_attachment.attach_custom_ebs_policy",
            "module.eks.aws_iam_role_policy_attachment.ebs_irsa_policy",
            "module.eks.aws_iam_role_policy_attachment.efs_csi_driver_policy",
            "module.eks.aws_iam_role_policy_attachment.eks",
            "module.eks.aws_iam_role_policy_attachment.ssm_managed_instance_core",
            "module.vpc.aws_subnet.public",
            "module.vpc.aws_vpc.main"
          ]
        }
      ]
    },
    {
      "module": "module.jenkins",
      "mode": "managed",
      "type": "kubernetes_namespace",
      "name": "jenkins",
      "provider": "provider[\"registry.terraform.io/hashicorp/kubernetes\"]",
      "instances": [
        {
          "schema_version": 0,
          "attributes": {
            "id": "jenkins",
            "metadata": [
              {
                "annotations": null,
                "generate_name": "",
                "generation": 0,
                "labels": null,
                "name": "jenkins",
                "resource_version": "4128",
                "uid": "560c9b7c-d5f8-4c6a-89b0-96f1772a6501"
              }
            ],
            "timeouts": null,
            "wait_for_default_service_account": false
          },
          "sensitive_attributes": [],
          "identity_schema_version": 1,
          "identity": {
            "api_version": "v1",
            "kind": "Namespace",
            "name": "jenkins"
          },
          "private": "eyJlMmJmYjczMC1lY2FhLTExZTYtOGY4OC0zNDM2M2JjN2M0YzAiOnsiZGVsZXRlIjozMDAwMDAwMDAwMDB9fQ==",
          "dependencies": [
            "data.aws_eks_cluster.eks",
            "data.aws_eks_cluster_auth.eks",
            "module.eks.aws_eks_addon.ebs_csi_driver",
            "module.eks.aws_eks_cluster.eks",
            "module.eks.aws_eks_node_group.general",
            "module.eks.aws_iam_openid_connect_provider.oidc",
            "module.eks.aws_iam_policy.ebs_csi_custom_policy",
            "module.eks.aws_iam_role.ebs_csi_irsa_role",
            "module.eks.aws_iam_role.eks",
            "module.eks.aws_iam_role.nodes",
            "module.eks.aws_iam_role_policy_attachment.amazon_ebs_csi_driver_policy",
            "module.eks.aws_iam_role_policy_attachment.amazon_ec2_container_registry_read_only",
            "module.eks.aws_iam_role_policy_attachment.amazon_eks_cni_policy",
            "module.eks.aws_iam_role_policy_attachment.amazon_eks_worker_node_policy",
            "module.eks.aws_iam_role_policy_attachment.attach_custom_ebs_policy",
            "module.eks.aws_iam_role_policy_attachment.ebs_irsa_policy",
            "module.eks.aws_iam_role_policy_attachment.efs_csi_driver_policy",
            "module.eks.aws_iam_role_policy_attachment.eks",
            "module.eks.aws_iam_role_policy_attachment.ssm_managed_instance_core",
            "module.vpc.aws_subnet.public",
            "module.vpc.aws_vpc.main"
          ]
        }
      ]
    },
    {
      "module": "module.jenkins",
      "mode": "managed",
      "type": "kubernetes_service_account",
      "name": "jenkins_sa",
      "provider": "provider[\"registry.terraform.io/hashicorp/kubernetes\"]",
      "instances": [
        {
          "schema_version": 0,
          "attributes": {
            "automount_service_account_token": true,
            "default_secret_name": "",
            "id": "jenkins/jenkins-sa",
            "image_pull_secret": [],
            "metadata": [
              {
                "annotations": {
                  "eks.amazonaws.com/role-arn": "arn:aws:iam::140147588849:role/eks-cluster-AlinaRyabova-jenkins-kaniko-role"
                },
                "generate_name": "",
                "generation": 0,
                "labels": null,
                "name": "jenkins-sa",
                "namespace": "jenkins",
                "resource_version": "4132",
                "uid": "8f5858a9-6f45-4f0f-a694-3de71fc44754"
              }
            ],
            "secret": [],
            "timeouts": null
          },
          "sensitive_attributes": [],
          "identity_schema_version": 1,
          "identity": {
            "api_version": "v1",
            "kind": "ServiceAccount",
            "name": "jenkins-sa",
            "namespace": "jenkins"
          },
          "private": "eyJlMmJmYjczMC1lY2FhLTExZTYtOGY4OC0zNDM2M2JjN2M0YzAiOnsiY3JlYXRlIjozMDAwMDAwMDAwMH19",
          "dependencies": [
            "data.aws_eks_cluster.eks",
            "data.aws_eks_cluster_auth.eks",
            "module.eks.aws_eks_addon.ebs_csi_driver",
            "module.eks.aws_eks_cluster.eks",
            "module.eks.aws_eks_node_group.general",
            "module.eks.aws_iam_openid_connect_provider.oidc",
            "module.eks.aws_iam_policy.ebs_csi_custom_policy",
            "module.eks.aws_iam_role.ebs_csi_irsa_role",
            "module.eks.aws_iam_role.eks",
            "module.eks.aws_iam_role.nodes",
            "module.eks.aws_iam_role_policy_attachment.amazon_ebs_csi_driver_policy",
            "module.eks.aws_iam_role_policy_attachment.amazon_ec2_container_registry_read_only",
            "module.eks.aws_iam_role_policy_attachment.amazon_eks_cni_policy",
            "module.eks.aws_iam_role_policy_attachment.amazon_eks_worker_node_policy",
            "module.eks.aws_iam_role_policy_attachment.attach_custom_ebs_policy",
            "module.eks.aws_iam_role_policy_attachment.ebs_irsa_policy",
            "module.eks.aws_iam_role_policy_attachment.efs_csi_driver_policy",
            "module.eks.aws_iam_role_policy_attachment.eks",
            "module.eks.aws_iam_role_policy_attachment.ssm_managed_instance_core",
            "module.jenkins.aws_iam_role.jenkins_kaniko_role",
            "module.jenkins.kubernetes_namespace.jenkins",
            "module.vpc.aws_subnet.public",
            "module.vpc.aws_vpc.main"
          ]
        }
      ]
    },
    {
      "module": "module.jenkins",
      "mode": "managed",
      "type": "kubernetes_storage_class_v1",
      "name": "ebs_sc",
      "provider": "provider[\"registry.terraform.io/hashicorp/kubernetes\"]",
      "instances": [
        {
          "schema_version": 0,
          "attributes": {
            "allow_volume_expansion": true,
            "allowed_topologies": [],
            "id": "ebs-sc",
            "metadata": [
              {
                "annotations": {
                  "storageclass.kubernetes.io/is-default-class": "true"
                },
                "generate_name": "",
                "generation": 0,
                "labels": null,
                "name": "ebs-sc",
                "resource_version": "4129",
                "uid": "44eb2d43-121a-4a1c-bbdf-a2e403c3360b"
              }
            ],
            "mount_options": null,
            "parameters": {
              "type": "gp3"
            },
            "reclaim_policy": "Delete",
            "storage_provisioner": "ebs.csi.aws.com",
            "volume_binding_mode": "WaitForFirstConsumer"
          },
          "sensitive_attributes": [],
          "identity_schema_version": 0,
          "private": "bnVsbA==",
          "dependencies": [
            "data.aws_eks_cluster.eks",
            "data.aws_eks_cluster_auth.eks",
            "module.eks.aws_eks_addon.ebs_csi_driver",
            "module.eks.aws_eks_cluster.eks",
            "module.eks.aws_eks_node_group.general",
            "module.eks.aws_iam_openid_connect_provider.oidc",
            "module.eks.aws_iam_policy.ebs_csi_custom_policy",
            "module.eks.aws_iam_role.ebs_csi_irsa_role",
            "module.eks.aws_iam_role.eks",
            "module.eks.aws_iam_role.nodes",
            "module.eks.aws_iam_role_policy_attachment.amazon_ebs_csi_driver_policy",
            "module.eks.aws_iam_role_policy_attachment.amazon_ec2_container_registry_read_only",
            "module.eks.aws_iam_role_policy_attachment.amazon_eks_cni_policy",
            "module.eks.aws_iam_role_policy_attachment.amazon_eks_worker_node_policy",
            "module.eks.aws_iam_role_policy_attachment.attach_custom_ebs_policy",
            "module.eks.aws_iam_role_policy_attachment.ebs_irsa_policy",
            "module.eks.aws_iam_role_policy_attachment.efs_csi_driver_policy",
            "module.eks.aws_iam_role_policy_attachment.eks",
            "module.eks.aws_iam_role_policy_attachment.ssm_managed_instance_core",
            "module.vpc.aws_subnet.public",
            "module.vpc.aws_vpc.main"
          ]
        }
      ]
    },
    {
      "module": "module.vpc",
      "mode": "managed",
      "type": "aws_internet_gateway",
      "name": "igw",
      "provider": "provider[\"registry.terraform.io/hashicorp/aws\"]",
      "instances": [
        {
          "schema_version": 0,
          "attributes": {
            "arn": "arn:aws:ec2:us-east-1:140147588849:internet-gateway/igw-0ffe33ace8f48f828",
            "id": "igw-0ffe33ace8f48f828",
            "owner_id": "140147588849",
            "region": "us-east-1",
            "tags": {
              "Name": "vpc-AlinaRyabova-igw"
            },
            "tags_all": {
              "Name": "vpc-AlinaRyabova-igw"
            },
            "timeouts": null,
            "vpc_id": "vpc-0e6ac879609bbc844"
          },
          "sensitive_attributes": [],
          "identity_schema_version": 0,
          "private": "eyJlMmJmYjczMC1lY2FhLTExZTYtOGY4OC0zNDM2M2JjN2M0YzAiOnsiY3JlYXRlIjoxMjAwMDAwMDAwMDAwLCJkZWxldGUiOjEyMDAwMDAwMDAwMDAsInVwZGF0ZSI6MTIwMDAwMDAwMDAwMH19",
          "dependencies": [
            "module.vpc.aws_vpc.main"
          ]
        }
      ]
    },
    {
      "module": "module.vpc",
      "mode": "managed",
      "type": "aws_route",
      "name": "public_internet",
      "provider": "provider[\"registry.terraform.io/hashicorp/aws\"]",
      "instances": [
        {
          "schema_version": 0,
          "attributes": {
            "carrier_gateway_id": "",
            "core_network_arn": "",
            "destination_cidr_block": "0.0.0.0/0",
            "destination_ipv6_cidr_block": "",
            "destination_prefix_list_id": "",
            "egress_only_gateway_id": "",
            "gateway_id": "igw-0ffe33ace8f48f828",
            "id": "r-rtb-04ba854a5f9c7633f1080289494",
            "instance_id": "",
            "instance_owner_id": "",
            "local_gateway_id": "",
            "nat_gateway_id": "",
            "network_interface_id": "",
            "origin": "CreateRoute",
            "region": "us-east-1",
            "route_table_id": "rtb-04ba854a5f9c7633f",
            "state": "active",
            "timeouts": null,
            "transit_gateway_id": "",
            "vpc_endpoint_id": "",
            "vpc_peering_connection_id": ""
          },
          "sensitive_attributes": [],
          "identity_schema_version": 0,
          "identity": {
            "account_id": "140147588849",
            "destination_cidr_block": "0.0.0.0/0",
            "destination_ipv6_cidr_block": null,
            "destination_prefix_list_id": null,
            "region": "us-east-1",
            "route_table_id": "rtb-04ba854a5f9c7633f"
          },
          "private": "eyJlMmJmYjczMC1lY2FhLTExZTYtOGY4OC0zNDM2M2JjN2M0YzAiOnsiY3JlYXRlIjozMDAwMDAwMDAwMDAsImRlbGV0ZSI6MzAwMDAwMDAwMDAwLCJ1cGRhdGUiOjEyMDAwMDAwMDAwMH19",
          "dependencies": [
            "module.vpc.aws_internet_gateway.igw",
            "module.vpc.aws_route_table.public",
            "module.vpc.aws_vpc.main"
          ]
        }
      ]
    },
    {
      "module": "module.vpc",
      "mode": "managed",
      "type": "aws_route_table",
      "name": "public",
      "provider": "provider[\"registry.terraform.io/hashicorp/aws\"]",
      "instances": [
        {
          "schema_version": 0,
          "attributes": {
            "arn": "arn:aws:ec2:us-east-1:140147588849:route-table/rtb-04ba854a5f9c7633f",
            "id": "rtb-04ba854a5f9c7633f",
            "owner_id": "140147588849",
            "propagating_vgws": [],
            "region": "us-east-1",
            "route": [
              {
                "carrier_gateway_id": "",
                "cidr_block": "0.0.0.0/0",
                "core_network_arn": "",
                "destination_prefix_list_id": "",
                "egress_only_gateway_id": "",
                "gateway_id": "igw-0ffe33ace8f48f828",
                "ipv6_cidr_block": "",
                "local_gateway_id": "",
                "nat_gateway_id": "",
                "network_interface_id": "",
                "transit_gateway_id": "",
                "vpc_endpoint_id": "",
                "vpc_peering_connection_id": ""
              }
            ],
            "tags": {
              "Name": "vpc-AlinaRyabova-public-rt"
            },
            "tags_all": {
              "Name": "vpc-AlinaRyabova-public-rt"
            },
            "timeouts": null,
            "vpc_id": "vpc-0e6ac879609bbc844"
          },
          "sensitive_attributes": [],
          "identity_schema_version": 0,
          "identity": {
            "account_id": "140147588849",
            "id": "rtb-04ba854a5f9c7633f",
            "region": "us-east-1"
          },
          "private": "eyJlMmJmYjczMC1lY2FhLTExZTYtOGY4OC0zNDM2M2JjN2M0YzAiOnsiY3JlYXRlIjozMDAwMDAwMDAwMDAsImRlbGV0ZSI6MzAwMDAwMDAwMDAwLCJ1cGRhdGUiOjEyMDAwMDAwMDAwMH19",
          "dependencies": [
            "module.vpc.aws_vpc.main"
          ]
        }
      ]
    },
    {
      "module": "module.vpc",
      "mode": "managed",
      "type": "aws_route_table_association",
      "name": "public",
      "provider": "provider[\"registry.terraform.io/hashicorp/aws\"]",
      "instances": [
        {
          "index_key": 0,
          "schema_version": 0,
          "attributes": {
            "gateway_id": "",
            "id": "rtbassoc-0ad9feb8d781d5585",
            "region": "us-east-1",
            "route_table_id": "rtb-04ba854a5f9c7633f",
            "subnet_id": "subnet-0eee6dffa27dcb1dd",
            "timeouts": null
          },
          "sensitive_attributes": [],
          "identity_schema_version": 0,
          "private": "eyJlMmJmYjczMC1lY2FhLTExZTYtOGY4OC0zNDM2M2JjN2M0YzAiOnsiY3JlYXRlIjozMDAwMDAwMDAwMDAsImRlbGV0ZSI6MzAwMDAwMDAwMDAwLCJ1cGRhdGUiOjEyMDAwMDAwMDAwMH19",
          "dependencies": [
            "module.vpc.aws_route_table.public",
            "module.vpc.aws_subnet.public",
            "module.vpc.aws_vpc.main"
          ]
        },
        {
          "index_key": 1,
          "schema_version": 0,
          "attributes": {
            "gateway_id": "",
            "id": "rtbassoc-0a736fee7fde438f6",
            "region": "us-east-1",
            "route_table_id": "rtb-04ba854a5f9c7633f",
            "subnet_id": "subnet-04caa5d64b6f6c05c",
            "timeouts": null
          },
          "sensitive_attributes": [],
          "identity_schema_version": 0,
          "private": "eyJlMmJmYjczMC1lY2FhLTExZTYtOGY4OC0zNDM2M2JjN2M0YzAiOnsiY3JlYXRlIjozMDAwMDAwMDAwMDAsImRlbGV0ZSI6MzAwMDAwMDAwMDAwLCJ1cGRhdGUiOjEyMDAwMDAwMDAwMH19",
          "dependencies": [
            "module.vpc.aws_route_table.public",
            "module.vpc.aws_subnet.public",
            "module.vpc.aws_vpc.main"
          ]
        },
        {
          "index_key": 2,
          "schema_version": 0,
          "attributes": {
            "gateway_id": "",
            "id": "rtbassoc-05378c91face12c65",
            "region": "us-east-1",
            "route_table_id": "rtb-04ba854a5f9c7633f",
            "subnet_id": "subnet-0ef7ccbd334097b89",
            "timeouts": null
          },
          "sensitive_attributes": [],
          "identity_schema_version": 0,
          "private": "eyJlMmJmYjczMC1lY2FhLTExZTYtOGY4OC0zNDM2M2JjN2M0YzAiOnsiY3JlYXRlIjozMDAwMDAwMDAwMDAsImRlbGV0ZSI6MzAwMDAwMDAwMDAwLCJ1cGRhdGUiOjEyMDAwMDAwMDAwMH19",
          "dependencies": [
            "module.vpc.aws_route_table.public",
            "module.vpc.aws_subnet.public",
            "module.vpc.aws_vpc.main"
          ]
        }
      ]
    },
    {
      "module": "module.vpc",
      "mode": "managed",
      "type": "aws_subnet",
      "name": "private",
      "provider": "provider[\"registry.terraform.io/hashicorp/aws\"]",
      "instances": [
        {
          "index_key": 0,
          "schema_version": 1,
          "attributes": {
            "arn": "arn:aws:ec2:us-east-1:140147588849:subnet/subnet-0dc1c4bb66524d549",
            "assign_ipv6_address_on_creation": false,
            "availability_zone": "us-east-1a",
            "availability_zone_id": "use1-az4",
            "cidr_block": "10.0.4.0/24",
            "customer_owned_ipv4_pool": "",
            "enable_dns64": false,
            "enable_lni_at_device_index": 0,
            "enable_resource_name_dns_a_record_on_launch": false,
            "enable_resource_name_dns_aaaa_record_on_launch": false,
            "id": "subnet-0dc1c4bb66524d549",
            "ipv6_cidr_block": "",
            "ipv6_cidr_block_association_id": "",
            "ipv6_native": false,
            "map_customer_owned_ip_on_launch": false,
            "map_public_ip_on_launch": false,
            "outpost_arn": "",
            "owner_id": "140147588849",
            "private_dns_hostname_type_on_launch": "ip-name",
            "region": "us-east-1",
            "tags": {
              "Name": "vpc-AlinaRyabova-private-subnet-1"
            },
            "tags_all": {
              "Name": "vpc-AlinaRyabova-private-subnet-1"
            },
            "timeouts": null,
            "vpc_id": "vpc-0e6ac879609bbc844"
          },
          "sensitive_attributes": [],
          "identity_schema_version": 0,
          "identity": {
            "account_id": "140147588849",
            "id": "subnet-0dc1c4bb66524d549",
            "region": "us-east-1"
          },
          "private": "eyJlMmJmYjczMC1lY2FhLTExZTYtOGY4OC0zNDM2M2JjN2M0YzAiOnsiY3JlYXRlIjo2MDAwMDAwMDAwMDAsImRlbGV0ZSI6MTIwMDAwMDAwMDAwMH0sInNjaGVtYV92ZXJzaW9uIjoiMSJ9",
          "dependencies": [
            "module.vpc.aws_vpc.main"
          ]
        },
        {
          "index_key": 1,
          "schema_version": 1,
          "attributes": {
            "arn": "arn:aws:ec2:us-east-1:140147588849:subnet/subnet-001980cd73349932b",
            "assign_ipv6_address_on_creation": false,
            "availability_zone": "us-east-1b",
            "availability_zone_id": "use1-az6",
            "cidr_block": "10.0.5.0/24",
            "customer_owned_ipv4_pool": "",
            "enable_dns64": false,
            "enable_lni_at_device_index": 0,
            "enable_resource_name_dns_a_record_on_launch": false,
            "enable_resource_name_dns_aaaa_record_on_launch": false,
            "id": "subnet-001980cd73349932b",
            "ipv6_cidr_block": "",
            "ipv6_cidr_block_association_id": "",
            "ipv6_native": false,
            "map_customer_owned_ip_on_launch": false,
            "map_public_ip_on_launch": false,
            "outpost_arn": "",
            "owner_id": "140147588849",
            "private_dns_hostname_type_on_launch": "ip-name",
            "region": "us-east-1",
            "tags": {
              "Name": "vpc-AlinaRyabova-private-subnet-2"
            },
            "tags_all": {
              "Name": "vpc-AlinaRyabova-private-subnet-2"
            },
            "timeouts": null,
            "vpc_id": "vpc-0e6ac879609bbc844"
          },
          "sensitive_attributes": [],
          "identity_schema_version": 0,
          "identity": {
            "account_id": "140147588849",
            "id": "subnet-001980cd73349932b",
            "region": "us-east-1"
          },
          "private": "eyJlMmJmYjczMC1lY2FhLTExZTYtOGY4OC0zNDM2M2JjN2M0YzAiOnsiY3JlYXRlIjo2MDAwMDAwMDAwMDAsImRlbGV0ZSI6MTIwMDAwMDAwMDAwMH0sInNjaGVtYV92ZXJzaW9uIjoiMSJ9",
          "dependencies": [
            "module.vpc.aws_vpc.main"
          ]
        },
        {
          "index_key": 2,
          "schema_version": 1,
          "attributes": {
            "arn": "arn:aws:ec2:us-east-1:140147588849:subnet/subnet-0a12ccd684548b31d",
            "assign_ipv6_address_on_creation": false,
            "availability_zone": "us-east-1c",
            "availability_zone_id": "use1-az1",
            "cidr_block": "10.0.6.0/24",
            "customer_owned_ipv4_pool": "",
            "enable_dns64": false,
            "enable_lni_at_device_index": 0,
            "enable_resource_name_dns_a_record_on_launch": false,
            "enable_resource_name_dns_aaaa_record_on_launch": false,
            "id": "subnet-0a12ccd684548b31d",
            "ipv6_cidr_block": "",
            "ipv6_cidr_block_association_id": "",
            "ipv6_native": false,
            "map_customer_owned_ip_on_launch": false,
            "map_public_ip_on_launch": false,
            "outpost_arn": "",
            "owner_id": "140147588849",
            "private_dns_hostname_type_on_launch": "ip-name",
            "region": "us-east-1",
            "tags": {
              "Name": "vpc-AlinaRyabova-private-subnet-3"
            },
            "tags_all": {
              "Name": "vpc-AlinaRyabova-private-subnet-3"
            },
            "timeouts": null,
            "vpc_id": "vpc-0e6ac879609bbc844"
          },
          "sensitive_attributes": [],
          "identity_schema_version": 0,
          "identity": {
            "account_id": "140147588849",
            "id": "subnet-0a12ccd684548b31d",
            "region": "us-east-1"
          },
          "private": "eyJlMmJmYjczMC1lY2FhLTExZTYtOGY4OC0zNDM2M2JjN2M0YzAiOnsiY3JlYXRlIjo2MDAwMDAwMDAwMDAsImRlbGV0ZSI6MTIwMDAwMDAwMDAwMH0sInNjaGVtYV92ZXJzaW9uIjoiMSJ9",
          "dependencies": [
            "module.vpc.aws_vpc.main"
          ]
        }
      ]
    },
    {
      "module": "module.vpc",
      "mode": "managed",
      "type": "aws_subnet",
      "name": "public",
      "provider": "provider[\"registry.terraform.io/hashicorp/aws\"]",
      "instances": [
        {
          "index_key": 0,
          "schema_version": 1,
          "attributes": {
            "arn": "arn:aws:ec2:us-east-1:140147588849:subnet/subnet-0eee6dffa27dcb1dd",
            "assign_ipv6_address_on_creation": false,
            "availability_zone": "us-east-1a",
            "availability_zone_id": "use1-az4",
            "cidr_block": "10.0.1.0/24",
            "customer_owned_ipv4_pool": "",
            "enable_dns64": false,
            "enable_lni_at_device_index": 0,
            "enable_resource_name_dns_a_record_on_launch": false,
            "enable_resource_name_dns_aaaa_record_on_launch": false,
            "id": "subnet-0eee6dffa27dcb1dd",
            "ipv6_cidr_block": "",
            "ipv6_cidr_block_association_id": "",
            "ipv6_native": false,
            "map_customer_owned_ip_on_launch": false,
            "map_public_ip_on_launch": true,
            "outpost_arn": "",
            "owner_id": "140147588849",
            "private_dns_hostname_type_on_launch": "ip-name",
            "region": "us-east-1",
            "tags": {
              "Name": "vpc-AlinaRyabova-public-subnet-1"
            },
            "tags_all": {
              "Name": "vpc-AlinaRyabova-public-subnet-1"
            },
            "timeouts": null,
            "vpc_id": "vpc-0e6ac879609bbc844"
          },
          "sensitive_attributes": [],
          "identity_schema_version": 0,
          "identity": {
            "account_id": "140147588849",
            "id": "subnet-0eee6dffa27dcb1dd",
            "region": "us-east-1"
          },
          "private": "eyJlMmJmYjczMC1lY2FhLTExZTYtOGY4OC0zNDM2M2JjN2M0YzAiOnsiY3JlYXRlIjo2MDAwMDAwMDAwMDAsImRlbGV0ZSI6MTIwMDAwMDAwMDAwMH0sInNjaGVtYV92ZXJzaW9uIjoiMSJ9",
          "dependencies": [
            "module.vpc.aws_vpc.main"
          ]
        },
        {
          "index_key": 1,
          "schema_version": 1,
          "attributes": {
            "arn": "arn:aws:ec2:us-east-1:140147588849:subnet/subnet-04caa5d64b6f6c05c",
            "assign_ipv6_address_on_creation": false,
            "availability_zone": "us-east-1b",
            "availability_zone_id": "use1-az6",
            "cidr_block": "10.0.2.0/24",
            "customer_owned_ipv4_pool": "",
            "enable_dns64": false,
            "enable_lni_at_device_index": 0,
            "enable_resource_name_dns_a_record_on_launch": false,
            "enable_resource_name_dns_aaaa_record_on_launch": false,
            "id": "subnet-04caa5d64b6f6c05c",
            "ipv6_cidr_block": "",
            "ipv6_cidr_block_association_id": "",
            "ipv6_native": false,
            "map_customer_owned_ip_on_launch": false,
            "map_public_ip_on_launch": true,
            "outpost_arn": "",
            "owner_id": "140147588849",
            "private_dns_hostname_type_on_launch": "ip-name",
            "region": "us-east-1",
            "tags": {
              "Name": "vpc-AlinaRyabova-public-subnet-2"
            },
            "tags_all": {
              "Name": "vpc-AlinaRyabova-public-subnet-2"
            },
            "timeouts": null,
            "vpc_id": "vpc-0e6ac879609bbc844"
          },
          "sensitive_attributes": [],
          "identity_schema_version": 0,
          "identity": {
            "account_id": "140147588849",
            "id": "subnet-04caa5d64b6f6c05c",
            "region": "us-east-1"
          },
          "private": "eyJlMmJmYjczMC1lY2FhLTExZTYtOGY4OC0zNDM2M2JjN2M0YzAiOnsiY3JlYXRlIjo2MDAwMDAwMDAwMDAsImRlbGV0ZSI6MTIwMDAwMDAwMDAwMH0sInNjaGVtYV92ZXJzaW9uIjoiMSJ9",
          "dependencies": [
            "module.vpc.aws_vpc.main"
          ]
        },
        {
          "index_key": 2,
          "schema_version": 1,
          "attributes": {
            "arn": "arn:aws:ec2:us-east-1:140147588849:subnet/subnet-0ef7ccbd334097b89",
            "assign_ipv6_address_on_creation": false,
            "availability_zone": "us-east-1c",
            "availability_zone_id": "use1-az1",
            "cidr_block": "10.0.3.0/24",
            "customer_owned_ipv4_pool": "",
            "enable_dns64": false,
            "enable_lni_at_device_index": 0,
            "enable_resource_name_dns_a_record_on_launch": false,
            "enable_resource_name_dns_aaaa_record_on_launch": false,
            "id": "subnet-0ef7ccbd334097b89",
            "ipv6_cidr_block": "",
            "ipv6_cidr_block_association_id": "",
            "ipv6_native": false,
            "map_customer_owned_ip_on_launch": false,
            "map_public_ip_on_launch": true,
            "outpost_arn": "",
            "owner_id": "140147588849",
            "private_dns_hostname_type_on_launch": "ip-name",
            "region": "us-east-1",
            "tags": {
              "Name": "vpc-AlinaRyabova-public-subnet-3"
            },
            "tags_all": {
              "Name": "vpc-AlinaRyabova-public-subnet-3"
            },
            "timeouts": null,
            "vpc_id": "vpc-0e6ac879609bbc844"
          },
          "sensitive_attributes": [],
          "identity_schema_version": 0,
          "identity": {
            "account_id": "140147588849",
            "id": "subnet-0ef7ccbd334097b89",
            "region": "us-east-1"
          },
          "private": "eyJlMmJmYjczMC1lY2FhLTExZTYtOGY4OC0zNDM2M2JjN2M0YzAiOnsiY3JlYXRlIjo2MDAwMDAwMDAwMDAsImRlbGV0ZSI6MTIwMDAwMDAwMDAwMH0sInNjaGVtYV92ZXJzaW9uIjoiMSJ9",
          "dependencies": [
            "module.vpc.aws_vpc.main"
          ]
        }
      ]
    },
    {
      "module": "module.vpc",
      "mode": "managed",
      "type": "aws_vpc",
      "name": "main",
      "provider": "provider[\"registry.terraform.io/hashicorp/aws\"]",
      "instances": [
        {
          "schema_version": 1,
          "attributes": {
            "arn": "arn:aws:ec2:us-east-1:140147588849:vpc/vpc-0e6ac879609bbc844",
            "assign_generated_ipv6_cidr_block": false,
            "cidr_block": "10.0.0.0/16",
            "default_network_acl_id": "acl-0b88a56b5e6d90ed3",
            "default_route_table_id": "rtb-0c0ffac21c1ea29c8",
            "default_security_group_id": "sg-047150da100a1abc9",
            "dhcp_options_id": "dopt-0c536ebb501f94263",
            "enable_dns_hostnames": true,
            "enable_dns_support": true,
            "enable_network_address_usage_metrics": false,
            "id": "vpc-0e6ac879609bbc844",
            "instance_tenancy": "default",
            "ipv4_ipam_pool_id": null,
            "ipv4_netmask_length": null,
            "ipv6_association_id": "",
            "ipv6_cidr_block": "",
            "ipv6_cidr_block_network_border_group": "",
            "ipv6_ipam_pool_id": "",
            "ipv6_netmask_length": 0,
            "main_route_table_id": "rtb-0c0ffac21c1ea29c8",
            "owner_id": "140147588849",
            "region": "us-east-1",
            "tags": {
              "Name": "vpc-AlinaRyabova-vpc"
            },
            "tags_all": {
              "Name": "vpc-AlinaRyabova-vpc"
            }
          },
          "sensitive_attributes": [],
          "identity_schema_version": 0,
          "private": "eyJzY2hlbWFfdmVyc2lvbiI6IjEifQ=="
        }
      ]
    }
  ],
  "check_results": null
}
